
Microsoft Visual Studio Solution File, Format Version 12.00
# Visual Studio Version 17
VisualStudioVersion = 17.0.31903.59
MinimumVisualStudioVersion = 10.0.40219.1
Project("{FAE04EC0-301F-11D3-BF4B-00C04F79EFBC}") = "ASP.NET Demo App", "ASP.NET Demo App\ASP.NET Demo App.csproj", "{FD14A262-3482-423E-AA71-6C80FACA409B}"
EndProject
Global
	GlobalSection(SolutionConfigurationPlatforms) = preSolution
		Debug|Any CPU = Debug|Any CPU
		Release|Any CPU = Release|Any CPU
	EndGlobalSection
	GlobalSection(SolutionProperties) = preSolution
		HideSolutionNode = FALSE
	EndGlobalSection
	GlobalSection(ProjectConfigurationPlatforms) = postSolution
		{FD14A262-3482-423E-AA71-6C80FACA409B}.Debug|Any CPU.ActiveCfg = Debug|Any CPU
		{FD14A262-3482-423E-AA71-6C80FACA409B}.Debug|Any CPU.Build.0 = Debug|Any CPU
		{FD14A262-3482-423E-AA71-6C80FACA409B}.Release|Any CPU.ActiveCfg = Release|Any CPU
		{FD14A262-3482-423E-AA71-6C80FACA409B}.Release|Any CPU.Build.0 = Release|Any CPU
	EndGlobalSection
EndGlobal
